dependencies:
- name: apiv2
  repository: file://../apiv2
  version: 2.6.0-dev
- name: inventory
  repository: file://../inventory
  version: 2.30.0-dev
- name: tenant-controller
  repository: file://../tenant-controller
  version: 0.25.0-dev
- name: credentials
  repository: file://../credentials
  version: 1.9.0-dev
- name: mps
  repository: file://../amt/charts/mps
  version: 0.0.28
- name: rps
  repository: file://../amt/charts/rps
  version: 0.0.19
- name: dm-manager
  repository: file://../amt/charts/dm-manager
  version: 0.7.2
- name: infra-config
  repository: file://../infra-config
  version: 0.7.0-dev
digest: sha256:bba0c8a600dc032eec34ce16e868c4a37f3af347f569018b60afc8805d3f681e
generated: "2026-01-13T04:20:27.480581881-08:00"
